
Microsoft Visual Studio Solution File, Format Version 12.00
# Visual Studio 15
VisualStudioVersion = 15.0.28307.572
MinimumVisualStudioVersion = 10.0.40219.1
Project("{9A19103F-16F7-4668-BE54-9A1E7A4F7556}") = "Product.Views", "Product.Views\Product.Views.csproj", "{18FD0649-1458-43B0-B979-856E23E94151}"
EndProject
Project("{9A19103F-16F7-4668-BE54-9A1E7A4F7556}") = "Product.DAL", "Product.DAL\Product.DAL.csproj", "{F62B664A-13C9-46D5-B1AB-73CE7E3E63E3}"
EndProject
Project("{9A19103F-16F7-4668-BE54-9A1E7A4F7556}") = "Product.BLL", "Product.BLL\Product.BLL.csproj", "{B6EB7238-CB22-441E-A272-62596D4840CC}"
EndProject
Project("{FAE04EC0-301F-11D3-BF4B-00C04F79EFBC}") = "Product.Common", "Product.Common\Product.Common.csproj", "{290F8A57-D70A-4BD1-8219-63A8AC46FC0E}"
EndProject
Global
	GlobalSection(SolutionConfigurationPlatforms) = preSolution
		Debug|Any CPU = Debug|Any CPU
		Release|Any CPU = Release|Any CPU
	EndGlobalSection
	GlobalSection(ProjectConfigurationPlatforms) = postSolution
		{18FD0649-1458-43B0-B979-856E23E94151}.Debug|Any CPU.ActiveCfg = Debug|Any CPU
		{18FD0649-1458-43B0-B979-856E23E94151}.Debug|Any CPU.Build.0 = Debug|Any CPU
		{18FD0649-1458-43B0-B979-856E23E94151}.Release|Any CPU.ActiveCfg = Release|Any CPU
		{18FD0649-1458-43B0-B979-856E23E94151}.Release|Any CPU.Build.0 = Release|Any CPU
		{F62B664A-13C9-46D5-B1AB-73CE7E3E63E3}.Debug|Any CPU.ActiveCfg = Debug|Any CPU
		{F62B664A-13C9-46D5-B1AB-73CE7E3E63E3}.Debug|Any CPU.Build.0 = Debug|Any CPU
		{F62B664A-13C9-46D5-B1AB-73CE7E3E63E3}.Release|Any CPU.ActiveCfg = Release|Any CPU
		{F62B664A-13C9-46D5-B1AB-73CE7E3E63E3}.Release|Any CPU.Build.0 = Release|Any CPU
		{B6EB7238-CB22-441E-A272-62596D4840CC}.Debug|Any CPU.ActiveCfg = Debug|Any CPU
		{B6EB7238-CB22-441E-A272-62596D4840CC}.Debug|Any CPU.Build.0 = Debug|Any CPU
		{B6EB7238-CB22-441E-A272-62596D4840CC}.Release|Any CPU.ActiveCfg = Release|Any CPU
		{B6EB7238-CB22-441E-A272-62596D4840CC}.Release|Any CPU.Build.0 = Release|Any CPU
		{290F8A57-D70A-4BD1-8219-63A8AC46FC0E}.Debug|Any CPU.ActiveCfg = Debug|Any CPU
		{290F8A57-D70A-4BD1-8219-63A8AC46FC0E}.Debug|Any CPU.Build.0 = Debug|Any CPU
		{290F8A57-D70A-4BD1-8219-63A8AC46FC0E}.Release|Any CPU.ActiveCfg = Release|Any CPU
		{290F8A57-D70A-4BD1-8219-63A8AC46FC0E}.Release|Any CPU.Build.0 = Release|Any CPU
	EndGlobalSection
	GlobalSection(SolutionProperties) = preSolution
		HideSolutionNode = FALSE
	EndGlobalSection
	GlobalSection(ExtensibilityGlobals) = postSolution
		SolutionGuid = {8374CDEE-1E08-4318-BACD-335697C36139}
	EndGlobalSection
EndGlobal
